
Microsoft Visual Studio Solution File, Format Version 12.00
# Visual Studio Version 17
VisualStudioVersion = 17.5.33516.290
MinimumVisualStudioVersion = 10.0.40219.1
Project("{FAE04EC0-301F-11D3-BF4B-00C04F79EFBC}") = "JakubZajac_Stacjadiag.", "..\JakubZajac_Stacjadiag\JakubZajac_Stacjadiag..csproj", "{2E44D5EF-266D-468C-B9DB-6C26F27DBE2C}"
EndProject
Global
	GlobalSection(SolutionConfigurationPlatforms) = preSolution
		Debug|Any CPU = Debug|Any CPU
		Release|Any CPU = Release|Any CPU
	EndGlobalSection
	GlobalSection(ProjectConfigurationPlatforms) = postSolution
		{2E44D5EF-266D-468C-B9DB-6C26F27DBE2C}.Debug|Any CPU.ActiveCfg = Debug|Any CPU
		{2E44D5EF-266D-468C-B9DB-6C26F27DBE2C}.Debug|Any CPU.Build.0 = Debug|Any CPU
		{2E44D5EF-266D-468C-B9DB-6C26F27DBE2C}.Release|Any CPU.ActiveCfg = Release|Any CPU
		{2E44D5EF-266D-468C-B9DB-6C26F27DBE2C}.Release|Any CPU.Build.0 = Release|Any CPU
	EndGlobalSection
	GlobalSection(SolutionProperties) = preSolution
		HideSolutionNode = FALSE
	EndGlobalSection
	GlobalSection(ExtensibilityGlobals) = postSolution
		SolutionGuid = {CDF25A8D-588E-48CE-9AE7-D3C529E75C9D}
	EndGlobalSection
EndGlobal
